{
  "name": "WebWithCleverTap",
  "lockfileVersion": 2,
  "requires": true,
  "packages": {
    "": {
      "dependencies": {
        "clevertap-web-sdk": "^1.7.3"
      }
    },
    "node_modules/clevertap-web-sdk": {
      "version": "1.7.3",
      "resolved": "https://registry.npmjs.org/clevertap-web-sdk/-/clevertap-web-sdk-1.7.3.tgz",
      "integrity": "sha512-TLrbtBq2jBPSNKNxORBQ2mKdYM7UaMdqEe2OaN1LRDbmddQU3UaFBCZvfukgvjgmv7kDHnDio31/NxxRDC2SzQ=="
    }
  },
  "dependencies": {
    "clevertap-web-sdk": {
      "version": "1.7.3",
      "resolved": "https://registry.npmjs.org/clevertap-web-sdk/-/clevertap-web-sdk-1.7.3.tgz",
      "integrity": "sha512-TLrbtBq2jBPSNKNxORBQ2mKdYM7UaMdqEe2OaN1LRDbmddQU3UaFBCZvfukgvjgmv7kDHnDio31/NxxRDC2SzQ=="
    }
  }
}
